# This file is generated by running "yarn install" inside your project.
# Manual changes might be lost - proceed with caution!

__metadata:
  version: 6
  cacheKey: 8

"@types/node@npm:^20.10.2":
  version: 20.10.2
  resolution: "@types/node@npm:20.10.2"
  dependencies:
    undici-types: ~5.26.4
  checksum: c0c84e8270cdf7a47a18c0230c0321537cc59506adb0e3cba51949b6f1ad4879f2e2ec3a29161f2f5321ebb6415460712d9f0a25ac5c02be0f5435464fe77c23
  languageName: node
  linkType: hard

"root-workspace-0b6124@workspace:.":
  version: 0.0.0-use.local
  resolution: "root-workspace-0b6124@workspace:."
  dependencies:
    "@types/node": ^20.10.2
    typescript: ^5.3.2
  languageName: unknown
  linkType: soft

"typescript@npm:^5.3.2":
  version: 5.3.2
  resolution: "typescript@npm:5.3.2"
  bin:
    tsc: bin/tsc
    tsserver: bin/tsserver
  checksum: d92534dda639eb825db013203404c1fabca8ac630564283c9e7dc9e64fd9c9346c2de95ecebdf3e6e8c1c32941bca1cfe0da37877611feb9daf8feeaea58d230
  languageName: node
  linkType: hard

"typescript@patch:typescript@^5.3.2#~builtin<compat/typescript>":
  version: 5.3.2
  resolution: "typescript@patch:typescript@npm%3A5.3.2#~builtin<compat/typescript>::version=5.3.2&hash=85af82"
  bin:
    tsc: bin/tsc
    tsserver: bin/tsserver
  checksum: c034461079fbfde3cb584ddee52afccb15b6e32a0ce186d0b2719968786f7ca73e1b07f71fac4163088790b16811c6ccf79680de190664ef66ff0ba9c1fe4a23
  languageName: node
  linkType: hard

"undici-types@npm:~5.26.4":
  version: 5.26.5
  resolution: "undici-types@npm:5.26.5"
  checksum: 3192ef6f3fd5df652f2dc1cd782b49d6ff14dc98e5dced492aa8a8c65425227da5da6aafe22523c67f035a272c599bb89cfe803c1db6311e44bed3042fc25487
  languageName: node
  linkType: hard
